
Microsoft Visual Studio Solution File, Format Version 12.00
# Visual Studio Version 17
VisualStudioVersion = 17.0.32014.148
MinimumVisualStudioVersion = 10.0.40219.1
Project("{FAE04EC0-301F-11D3-BF4B-00C04F79EFBC}") = "Api", "NewShoreApi\Api.csproj", "{4C59A355-2EF6-4B38-824F-B194D18165A9}"
EndProject
Project("{2150E333-8FDC-42A3-9474-1A3956D46DE8}") = "Source", "Source", "{F451945E-9328-417D-91CD-7151AB31ADBA}"
EndProject
Project("{2150E333-8FDC-42A3-9474-1A3956D46DE8}") = "Core", "Core", "{1DAC568A-0615-4C6C-8010-FF8AFF6223A8}"
EndProject
Project("{2150E333-8FDC-42A3-9474-1A3956D46DE8}") = "Api", "Api", "{5F815930-09A1-4A7A-B7F8-6E0A7E864B2C}"
EndProject
Project("{2150E333-8FDC-42A3-9474-1A3956D46DE8}") = "Infrastructure", "Infrastructure", "{58041C42-D778-42B7-9029-63801EEDA623}"
EndProject
Project("{2150E333-8FDC-42A3-9474-1A3956D46DE8}") = "Test", "Test", "{1A71287D-4979-4FF1-8A75-8D5D3E69AE1F}"
EndProject
Project("{FAE04EC0-301F-11D3-BF4B-00C04F79EFBC}") = "Application", "Application\Application.csproj", "{1B112C0F-F9CC-4986-8B60-B717114B29A8}"
EndProject
Project("{FAE04EC0-301F-11D3-BF4B-00C04F79EFBC}") = "Domain", "Domain\Domain.csproj", "{61BA8B2D-CEA1-47D4-8A94-F7117E475555}"
EndProject
Project("{FAE04EC0-301F-11D3-BF4B-00C04F79EFBC}") = "Utilities", "Utilities\Utilities.csproj", "{532E9575-8C03-474C-B21E-0CCB0E52BB65}"
EndProject
Project("{FAE04EC0-301F-11D3-BF4B-00C04F79EFBC}") = "Infrastructure", "Infrastructure\Infrastructure.csproj", "{35A36AFF-E717-4C09-B6A7-0DED4ECC4117}"
EndProject
Project("{FAE04EC0-301F-11D3-BF4B-00C04F79EFBC}") = "Persistence", "Persistence\Persistence.csproj", "{4DEC6DF7-AC79-45AB-B752-18E848C55D0B}"
EndProject
Project("{FAE04EC0-301F-11D3-BF4B-00C04F79EFBC}") = "Test", "Test\Test.csproj", "{265F5207-CDA0-419F-949B-538ED6EBB1AC}"
EndProject
Global
	GlobalSection(SolutionConfigurationPlatforms) = preSolution
		Debug|Any CPU = Debug|Any CPU
		Release|Any CPU = Release|Any CPU
	EndGlobalSection
	GlobalSection(ProjectConfigurationPlatforms) = postSolution
		{4C59A355-2EF6-4B38-824F-B194D18165A9}.Debug|Any CPU.ActiveCfg = Debug|Any CPU
		{4C59A355-2EF6-4B38-824F-B194D18165A9}.Debug|Any CPU.Build.0 = Debug|Any CPU
		{4C59A355-2EF6-4B38-824F-B194D18165A9}.Release|Any CPU.ActiveCfg = Release|Any CPU
		{4C59A355-2EF6-4B38-824F-B194D18165A9}.Release|Any CPU.Build.0 = Release|Any CPU
		{1B112C0F-F9CC-4986-8B60-B717114B29A8}.Debug|Any CPU.ActiveCfg = Debug|Any CPU
		{1B112C0F-F9CC-4986-8B60-B717114B29A8}.Debug|Any CPU.Build.0 = Debug|Any CPU
		{1B112C0F-F9CC-4986-8B60-B717114B29A8}.Release|Any CPU.ActiveCfg = Release|Any CPU
		{1B112C0F-F9CC-4986-8B60-B717114B29A8}.Release|Any CPU.Build.0 = Release|Any CPU
		{61BA8B2D-CEA1-47D4-8A94-F7117E475555}.Debug|Any CPU.ActiveCfg = Debug|Any CPU
		{61BA8B2D-CEA1-47D4-8A94-F7117E475555}.Debug|Any CPU.Build.0 = Debug|Any CPU
		{61BA8B2D-CEA1-47D4-8A94-F7117E475555}.Release|Any CPU.ActiveCfg = Release|Any CPU
		{61BA8B2D-CEA1-47D4-8A94-F7117E475555}.Release|Any CPU.Build.0 = Release|Any CPU
		{532E9575-8C03-474C-B21E-0CCB0E52BB65}.Debug|Any CPU.ActiveCfg = Debug|Any CPU
		{532E9575-8C03-474C-B21E-0CCB0E52BB65}.Debug|Any CPU.Build.0 = Debug|Any CPU
		{532E9575-8C03-474C-B21E-0CCB0E52BB65}.Release|Any CPU.ActiveCfg = Release|Any CPU
		{532E9575-8C03-474C-B21E-0CCB0E52BB65}.Release|Any CPU.Build.0 = Release|Any CPU
		{35A36AFF-E717-4C09-B6A7-0DED4ECC4117}.Debug|Any CPU.ActiveCfg = Debug|Any CPU
		{35A36AFF-E717-4C09-B6A7-0DED4ECC4117}.Debug|Any CPU.Build.0 = Debug|Any CPU
		{35A36AFF-E717-4C09-B6A7-0DED4ECC4117}.Release|Any CPU.ActiveCfg = Release|Any CPU
		{35A36AFF-E717-4C09-B6A7-0DED4ECC4117}.Release|Any CPU.Build.0 = Release|Any CPU
		{4DEC6DF7-AC79-45AB-B752-18E848C55D0B}.Debug|Any CPU.ActiveCfg = Debug|Any CPU
		{4DEC6DF7-AC79-45AB-B752-18E848C55D0B}.Debug|Any CPU.Build.0 = Debug|Any CPU
		{4DEC6DF7-AC79-45AB-B752-18E848C55D0B}.Release|Any CPU.ActiveCfg = Release|Any CPU
		{4DEC6DF7-AC79-45AB-B752-18E848C55D0B}.Release|Any CPU.Build.0 = Release|Any CPU
		{265F5207-CDA0-419F-949B-538ED6EBB1AC}.Debug|Any CPU.ActiveCfg = Debug|Any CPU
		{265F5207-CDA0-419F-949B-538ED6EBB1AC}.Debug|Any CPU.Build.0 = Debug|Any CPU
		{265F5207-CDA0-419F-949B-538ED6EBB1AC}.Release|Any CPU.ActiveCfg = Release|Any CPU
		{265F5207-CDA0-419F-949B-538ED6EBB1AC}.Release|Any CPU.Build.0 = Release|Any CPU
	EndGlobalSection
	GlobalSection(SolutionProperties) = preSolution
		HideSolutionNode = FALSE
	EndGlobalSection
	GlobalSection(NestedProjects) = preSolution
		{4C59A355-2EF6-4B38-824F-B194D18165A9} = {5F815930-09A1-4A7A-B7F8-6E0A7E864B2C}
		{1DAC568A-0615-4C6C-8010-FF8AFF6223A8} = {F451945E-9328-417D-91CD-7151AB31ADBA}
		{5F815930-09A1-4A7A-B7F8-6E0A7E864B2C} = {F451945E-9328-417D-91CD-7151AB31ADBA}
		{58041C42-D778-42B7-9029-63801EEDA623} = {F451945E-9328-417D-91CD-7151AB31ADBA}
		{1A71287D-4979-4FF1-8A75-8D5D3E69AE1F} = {F451945E-9328-417D-91CD-7151AB31ADBA}
		{1B112C0F-F9CC-4986-8B60-B717114B29A8} = {1DAC568A-0615-4C6C-8010-FF8AFF6223A8}
		{61BA8B2D-CEA1-47D4-8A94-F7117E475555} = {1DAC568A-0615-4C6C-8010-FF8AFF6223A8}
		{532E9575-8C03-474C-B21E-0CCB0E52BB65} = {1DAC568A-0615-4C6C-8010-FF8AFF6223A8}
		{35A36AFF-E717-4C09-B6A7-0DED4ECC4117} = {58041C42-D778-42B7-9029-63801EEDA623}
		{4DEC6DF7-AC79-45AB-B752-18E848C55D0B} = {58041C42-D778-42B7-9029-63801EEDA623}
		{265F5207-CDA0-419F-949B-538ED6EBB1AC} = {1A71287D-4979-4FF1-8A75-8D5D3E69AE1F}
	EndGlobalSection
	GlobalSection(ExtensibilityGlobals) = postSolution
		SolutionGuid = {25BFDFDA-8991-4505-9C26-4AA743A38A71}
	EndGlobalSection
EndGlobal
